# This file is automatically @generated by Cargo.
# It is not intended for manual editing.
version = 4

[[package]]
name = "project-01-hello-world"
version = "0.1.0"

[[package]]
name = "project-01-personal-greeter"
version = "0.1.0"

[[package]]
name = "project-02-math-quiz"
version = "0.1.0"

[[package]]
name = "project-03-simple-manipulator"
version = "0.1.0"
